// !$*UTF8*$!
{
	archiveVersion = 1;
	classes = {
	};
	objectVersion = 46;
	objects = {

/* Begin PBXBuildFile section */
		D706E7961D06B75B009AFF06 /* main.m in Sources */ = {isa = PBXBuildFile; fileRef = D706E7951D06B75B009AFF06 /* main.m */; };
		D706E7991D06B75B009AFF06 /* AppDelegate.m in Sources */ = {isa = PBXBuildFile; fileRef = D706E7981D06B75B009AFF06 /* AppDelegate.m */; };
		D706E79C1D06B75B009AFF06 /* ViewController.m in Sources */ = {isa = PBXBuildFile; fileRef = D706E79B1D06B75B009AFF06 /* ViewController.m */; };
		D706E79F1D06B75B009AFF06 /* Main.storyboard in Resources */ = {isa = PBXBuildFile; fileRef = D706E79D1D06B75B009AFF06 /* Main.storyboard */; };
		D706E7A11D06B75B009AFF06 /* Assets.xcassets in Resources */ = {isa = PBXBuildFile; fileRef = D706E7A01D06B75B009AFF06 /* Assets.xcassets */; };
		D706E7A41D06B75B009AFF06 /* LaunchScreen.storyboard in Resources */ = {isa = PBXBuildFile; fileRef = D706E7A21D06B75B009AFF06 /* LaunchScreen.storyboard */; };
		D706E7AF1D06B75B009AFF06 /* UnitTestsDemoTests.m in Sources */ = {isa = PBXBuildFile; fileRef = D706E7AE1D06B75B009AFF06 /* UnitTestsDemoTests.m */; };
		D706E7BA1D06B75B009AFF06 /* UnitTestsDemoUITests.m in Sources */ = {isa = PBXBuildFile; fileRef = D706E7B91D06B75B009AFF06 /* UnitTestsDemoUITests.m */; };
		D706E7CD1D06CBC0009AFF06 /* TestModel.m in Sources */ = {isa = PBXBuildFile; fileRef = D706E7CC1D06CBC0009AFF06 /* TestModel.m */; };
/* End PBXBuildFile section */

/* Begin PBXContainerItemProxy section */
		D706E7AB1D06B75B009AFF06 /* PBXContainerItemProxy */ = {
			isa = PBXContainerItemProxy;
			containerPortal = D706E7891D06B75B009AFF06 /* Project object */;
			proxyType = 1;
			remoteGlobalIDString = D706E7901D06B75B009AFF06;
			remoteInfo = UnitTestsDemo;
		};
		D706E7B61D06B75B009AFF06 /* PBXContainerItemProxy */ = {
			isa = PBXContainerItemProxy;
			containerPortal = D706E7891D06B75B009AFF06 /* Project object */;
			proxyType = 1;
			remoteGlobalIDString = D706E7901D06B75B009AFF06;
			remoteInfo = UnitTestsDemo;
		};
/* End PBXContainerItemProxy section */

/* Begin PBXFileReference section */
		D706E7911D06B75B009AFF06 /* UnitTestsDemo.app */ = {isa = PBXFileReference; explicitFileType = wrapper.application; includeInIndex = 0; path = UnitTestsDemo.app; sourceTree = BUILT_PRODUCTS_DIR; };
		D706E7951D06B75B009AFF06 /* main.m */ = {isa = PBXFileReference; lastKnownFileType = sourcecode.c.objc; path = main.m; sourceTree = "<group>"; };
		D706E7971D06B75B009AFF06 /* AppDelegate.h */ = {isa = PBXFileReference; lastKnownFileType = sourcecode.c.h; path = AppDelegate.h; sourceTree = "<group>"; };
		D706E7981D06B75B009AFF06 /* AppDelegate.m */ = {isa = PBXFileReference; lastKnownFileType = sourcecode.c.objc; path = AppDelegate.m; sourceTree = "<group>"; };
		D706E79A1D06B75B009AFF06 /* ViewController.h */ = {isa = PBXFileReference; lastKnownFileType = sourcecode.c.h; path = ViewController.h; sourceTree = "<group>"; };
		D706E79B1D06B75B009AFF06 /* ViewController.m */ = {isa = PBXFileReference; lastKnownFileType = sourcecode.c.objc; path = ViewController.m; sourceTree = "<group>"; };
		D706E79E1D06B75B009AFF06 /* Base */ = {isa = PBXFileReference; lastKnownFileType = file.storyboard; name = Base; path = Base.lproj/Main.storyboard; sourceTree = "<group>"; };
		D706E7A01D06B75B009AFF06 /* Assets.xcassets */ = {isa = PBXFileReference; lastKnownFileType = folder.assetcatalog; path = Assets.xcassets; sourceTree = "<group>"; };
		D706E7A31D06B75B009AFF06 /* Base */ = {isa = PBXFileReference; lastKnownFileType = file.storyboard; name = Base; path = Base.lproj/LaunchScreen.storyboard; sourceTree = "<group>"; };
		D706E7A51D06B75B009AFF06 /* Info.plist */ = {isa = PBXFileReference; lastKnownFileType = text.plist.xml; path = Info.plist; sourceTree = "<group>"; };
		D706E7AA1D06B75B009AFF06 /* UnitTestsDemoTests.xctest */ = {isa = PBXFileReference; explicitFileType = wrapper.cfbundle; includeInIndex = 0; path = UnitTestsDemoTests.xctest; sourceTree = BUILT_PRODUCTS_DIR; };
		D706E7AE1D06B75B009AFF06 /* UnitTestsDemoTests.m */ = {isa = PBXFileReference; lastKnownFileType = sourcecode.c.objc; path = UnitTestsDemoTests.m; sourceTree = "<group>"; };
		D706E7B01D06B75B009AFF06 /* Info.plist */ = {isa = PBXFileReference; lastKnownFileType = text.plist.xml; path = Info.plist; sourceTree = "<group>"; };
		D706E7B51D06B75B009AFF06 /* UnitTestsDemoUITests.xctest */ = {isa = PBXFileReference; explicitFileType = wrapper.cfbundle; includeInIndex = 0; path = UnitTestsDemoUITests.xctest; sourceTree = BUILT_PRODUCTS_DIR; };
		D706E7B91D06B75B009AFF06 /* UnitTestsDemoUITests.m */ = {isa = PBXFileReference; lastKnownFileType = sourcecode.c.objc; path = UnitTestsDemoUITests.m; sourceTree = "<group>"; };
		D706E7BB1D06B75B009AFF06 /* Info.plist */ = {isa = PBXFileReference; lastKnownFileType = text.plist.xml; path = Info.plist; sourceTree = "<group>"; };
		D706E7CB1D06CBC0009AFF06 /* TestModel.h */ = {isa = PBXFileReference; fileEncoding = 4; lastKnownFileType = sourcecode.c.h; path = TestModel.h; sourceTree = "<group>"; };
		D706E7CC1D06CBC0009AFF06 /* TestModel.m */ = {isa = PBXFileReference; fileEncoding = 4; lastKnownFileType = sourcecode.c.objc; path = TestModel.m; sourceTree = "<group>"; };
/* End PBXFileReference section */

/* Begin PBXFrameworksBuildPhase section */
		D706E78E1D06B75B009AFF06 /* Frameworks */ = {
			isa = PBXFrameworksBuildPhase;
			buildActionMask = 2147483647;
			files = (
			);
			runOnlyForDeploymentPostprocessing = 0;
		};
		D706E7A71D06B75B009AFF06 /* Frameworks */ = {
			isa = PBXFrameworksBuildPhase;
			buildActionMask = 2147483647;
			files = (
			);
			runOnlyForDeploymentPostprocessing = 0;
		};
		D706E7B21D06B75B009AFF06 /* Frameworks */ = {
			isa = PBXFrameworksBuildPhase;
			buildActionMask = 2147483647;
			files = (
			);
			runOnlyForDeploymentPostprocessing = 0;
		};
/* End PBXFrameworksBuildPhase section */

/* Begin PBXGroup section */
		D706E7881D06B75B009AFF06 = {
			isa = PBXGroup;
			children = (
				D706E7931D06B75B009AFF06 /* UnitTestsDemo */,
				D706E7AD1D06B75B009AFF06 /* UnitTestsDemoTests */,
				D706E7B81D06B75B009AFF06 /* UnitTestsDemoUITests */,
				D706E7921D06B75B009AFF06 /* Products */,
			);
			sourceTree = "<group>";
		};
		D706E7921D06B75B009AFF06 /* Products */ = {
			isa = PBXGroup;
			children = (
				D706E7911D06B75B009AFF06 /* UnitTestsDemo.app */,
				D706E7AA1D06B75B009AFF06 /* UnitTestsDemoTests.xctest */,
				D706E7B51D06B75B009AFF06 /* UnitTestsDemoUITests.xctest */,
			);
			name = Products;
			sourceTree = "<group>";
		};
		D706E7931D06B75B009AFF06 /* UnitTestsDemo */ = {
			isa = PBXGroup;
			children = (
				D706E7971D06B75B009AFF06 /* AppDelegate.h */,
				D706E7981D06B75B009AFF06 /* AppDelegate.m */,
				D706E79A1D06B75B009AFF06 /* ViewController.h */,
				D706E79B1D06B75B009AFF06 /* ViewController.m */,
				D706E79D1D06B75B009AFF06 /* Main.storyboard */,
				D706E7A01D06B75B009AFF06 /* Assets.xcassets */,
				D706E7A21D06B75B009AFF06 /* LaunchScreen.storyboard */,
				D706E7A51D06B75B009AFF06 /* Info.plist */,
				D706E7C71D06CB6C009AFF06 /* TestModel */,
				D706E7941D06B75B009AFF06 /* Supporting Files */,
			);
			path = UnitTestsDemo;
			sourceTree = "<group>";
		};
		D706E7941D06B75B009AFF06 /* Supporting Files */ = {
			isa = PBXGroup;
			children = (
				D706E7951D06B75B009AFF06 /* main.m */,
			);
			name = "Supporting Files";
			sourceTree = "<group>";
		};
		D706E7AD1D06B75B009AFF06 /* UnitTestsDemoTests */ = {
			isa = PBXGroup;
			children = (
				D706E7AE1D06B75B009AFF06 /* UnitTestsDemoTests.m */,
				D706E7B01D06B75B009AFF06 /* Info.plist */,
			);
			path = UnitTestsDemoTests;
			sourceTree = "<group>";
		};
		D706E7B81D06B75B009AFF06 /* UnitTestsDemoUITests */ = {
			isa = PBXGroup;
			children = (
				D706E7B91D06B75B009AFF06 /* UnitTestsDemoUITests.m */,
				D706E7BB1D06B75B009AFF06 /* Info.plist */,
			);
			path = UnitTestsDemoUITests;
			sourceTree = "<group>";
		};
		D706E7C71D06CB6C009AFF06 /* TestModel */ = {
			isa = PBXGroup;
			children = (
				D706E7CB1D06CBC0009AFF06 /* TestModel.h */,
				D706E7CC1D06CBC0009AFF06 /* TestModel.m */,
			);
			name = TestModel;
			path = ../TestModel;
			sourceTree = "<group>";
		};
/* End PBXGroup section */

/* Begin PBXNativeTarget section */
		D706E7901D06B75B009AFF06 /* UnitTestsDemo */ = {
			isa = PBXNativeTarget;
			buildConfigurationList = D706E7BE1D06B75B009AFF06 /* Build configuration list for PBXNativeTarget "UnitTestsDemo" */;
			buildPhases = (
				D706E78D1D06B75B009AFF06 /* Sources */,
				D706E78E1D06B75B009AFF06 /* Frameworks */,
				D706E78F1D06B75B009AFF06 /* Resources */,
			);
			buildRules = (
			);
			dependencies = (
			);
			name = UnitTestsDemo;
			productName = UnitTestsDemo;
			productReference = D706E7911D06B75B009AFF06 /* UnitTestsDemo.app */;
			productType = "com.apple.product-type.application";
		};
		D706E7A91D06B75B009AFF06 /* UnitTestsDemoTests */ = {
			isa = PBXNativeTarget;
			buildConfigurationList = D706E7C11D06B75B009AFF06 /* Build configuration list for PBXNativeTarget "UnitTestsDemoTests" */;
			buildPhases = (
				D706E7A61D06B75B009AFF06 /* Sources */,
				D706E7A71D06B75B009AFF06 /* Frameworks */,
				D706E7A81D06B75B009AFF06 /* Resources */,
			);
			buildRules = (
			);
			dependencies = (
				D706E7AC1D06B75B009AFF06 /* PBXTargetDependency */,
			);
			name = UnitTestsDemoTests;
			productName = UnitTestsDemoTests;
			productReference = D706E7AA1D06B75B009AFF06 /* UnitTestsDemoTests.xctest */;
			productType = "com.apple.product-type.bundle.unit-test";
		};
		D706E7B41D06B75B009AFF06 /* UnitTestsDemoUITests */ = {
			isa = PBXNativeTarget;
			buildConfigurationList = D706E7C41D06B75B009AFF06 /* Build configuration list for PBXNativeTarget "UnitTestsDemoUITests" */;
			buildPhases = (
				D706E7B11D06B75B009AFF06 /* Sources */,
				D706E7B21D06B75B009AFF06 /* Frameworks */,
				D706E7B31D06B75B009AFF06 /* Resources */,
			);
			buildRules = (
			);
			dependencies = (
				D706E7B71D06B75B009AFF06 /* PBXTargetDependency */,
			);
			name = UnitTestsDemoUITests;
			productName = UnitTestsDemoUITests;
			productReference = D706E7B51D06B75B009AFF06 /* UnitTestsDemoUITests.xctest */;
			productType = "com.apple.product-type.bundle.ui-testing";
		};
/* End PBXNativeTarget section */

/* Begin PBXProject section */
		D706E7891D06B75B009AFF06 /* Project object */ = {
			isa = PBXProject;
			attributes = {
				LastUpgradeCheck = 0730;
				ORGANIZATIONNAME = zfx5130;
				TargetAttributes = {
					D706E7901D06B75B009AFF06 = {
						CreatedOnToolsVersion = 7.3;
					};
					D706E7A91D06B75B009AFF06 = {
						CreatedOnToolsVersion = 7.3;
						TestTargetID = D706E7901D06B75B009AFF06;
					};
					D706E7B41D06B75B009AFF06 = {
						CreatedOnToolsVersion = 7.3;
						TestTargetID = D706E7901D06B75B009AFF06;
					};
				};
			};
			buildConfigurationList = D706E78C1D06B75B009AFF06 /* Build configuration list for PBXProject "UnitTestsDemo" */;
			compatibilityVersion = "Xcode 3.2";
			developmentRegion = English;
			hasScannedForEncodings = 0;
			knownRegions = (
				en,
				Base,
			);
			mainGroup = D706E7881D06B75B009AFF06;
			productRefGroup = D706E7921D06B75B009AFF06 /* Products */;
			projectDirPath = "";
			projectRoot = "";
			targets = (
				D706E7901D06B75B009AFF06 /* UnitTestsDemo */,
				D706E7A91D06B75B009AFF06 /* UnitTestsDemoTests */,
				D706E7B41D06B75B009AFF06 /* UnitTestsDemoUITests */,
			);
		};
/* End PBXProject section */

/* Begin PBXResourcesBuildPhase section */
		D706E78F1D06B75B009AFF06 /* Resources */ = {
			isa = PBXResourcesBuildPhase;
			buildActionMask = 2147483647;
			files = (
				D706E7A41D06B75B009AFF06 /* LaunchScreen.storyboard in Resources */,
				D706E7A11D06B75B009AFF06 /* Assets.xcassets in Resources */,
				D706E79F1D06B75B009AFF06 /* Main.storyboard in Resources */,
			);
			runOnlyForDeploymentPostprocessing = 0;
		};
		D706E7A81D06B75B009AFF06 /* Resources */ = {
			isa = PBXResourcesBuildPhase;
			buildActionMask = 2147483647;
			files = (
			);
			runOnlyForDeploymentPostprocessing = 0;
		};
		D706E7B31D06B75B009AFF06 /* Resources */ = {
			isa = PBXResourcesBuildPhase;
			buildActionMask = 2147483647;
			files = (
			);
			runOnlyForDeploymentPostprocessing = 0;
		};
/* End PBXResourcesBuildPhase section */

/* Begin PBXSourcesBuildPhase section */
		D706E78D1D06B75B009AFF06 /* Sources */ = {
			isa = PBXSourcesBuildPhase;
			buildActionMask = 2147483647;
			files = (
				D706E79C1D06B75B009AFF06 /* ViewController.m in Sources */,
				D706E7991D06B75B009AFF06 /* AppDelegate.m in Sources */,
				D706E7961D06B75B009AFF06 /* main.m in Sources */,
				D706E7CD1D06CBC0009AFF06 /* TestModel.m in Sources */,
			);
			runOnlyForDeploymentPostprocessing = 0;
		};
		D706E7A61D06B75B009AFF06 /* Sources */ = {
			isa = PBXSourcesBuildPhase;
			buildActionMask = 2147483647;
			files = (
				D706E7AF1D06B75B009AFF06 /* UnitTestsDemoTests.m in Sources */,
			);
			runOnlyForDeploymentPostprocessing = 0;
		};
		D706E7B11D06B75B009AFF06 /* Sources */ = {
			isa = PBXSourcesBuildPhase;
			buildActionMask = 2147483647;
			files = (
				D706E7BA1D06B75B009AFF06 /* UnitTestsDemoUITests.m in Sources */,
			);
			runOnlyForDeploymentPostprocessing = 0;
		};
/* End PBXSourcesBuildPhase section */

/* Begin PBXTargetDependency section */
		D706E7AC1D06B75B009AFF06 /* PBXTargetDependency */ = {
			isa = PBXTargetDependency;
			target = D706E7901D06B75B009AFF06 /* UnitTestsDemo */;
			targetProxy = D706E7AB1D06B75B009AFF06 /* PBXContainerItemProxy */;
		};
		D706E7B71D06B75B009AFF06 /* PBXTargetDependency */ = {
			isa = PBXTargetDependency;
			target = D706E7901D06B75B009AFF06 /* UnitTestsDemo */;
			targetProxy = D706E7B61D06B75B009AFF06 /* PBXContainerItemProxy */;
		};
/* End PBXTargetDependency section */

/* Begin PBXVariantGroup section */
		D706E79D1D06B75B009AFF06 /* Main.storyboard */ = {
			isa = PBXVariantGroup;
			children = (
				D706E79E1D06B75B009AFF06 /* Base */,
			);
			name = Main.storyboard;
			sourceTree = "<group>";
		};
		D706E7A21D06B75B009AFF06 /* LaunchScreen.storyboard */ = {
			isa = PBXVariantGroup;
			children = (
				D706E7A31D06B75B009AFF06 /* Base */,
			);
			name = LaunchScreen.storyboard;
			sourceTree = "<group>";
		};
/* End PBXVariantGroup section */

/* Begin XCBuildConfiguration section */
		D706E7BC1D06B75B009AFF06 /* Debug */ = {
			isa = XCBuildConfiguration;
			buildSettings = {
				ALWAYS_SEARCH_USER_PATHS = NO;
				CLANG_ANALYZER_NONNULL = YES;
				CLANG_CXX_LANGUAGE_STANDARD = "gnu++0x";
				CLANG_CXX_LIBRARY = "libc++";
				CLANG_ENABLE_MODULES = YES;
				CLANG_ENABLE_OBJC_ARC = YES;
				CLANG_WARN_BOOL_CONVERSION = YES;
				CLANG_WARN_CONSTANT_CONVERSION = YES;
				CLANG_WARN_DIRECT_OBJC_ISA_USAGE = YES_ERROR;
				CLANG_WARN_EMPTY_BODY = YES;
				CLANG_WARN_ENUM_CONVERSION = YES;
				CLANG_WARN_INT_CONVERSION = YES;
				CLANG_WARN_OBJC_ROOT_CLASS = YES_ERROR;
				CLANG_WARN_UNREACHABLE_CODE = YES;
				CLANG_WARN__DUPLICATE_METHOD_MATCH = YES;
				"CODE_SIGN_IDENTITY[sdk=iphoneos*]" = "iPhone Developer";
				COPY_PHASE_STRIP = NO;
				DEBUG_INFORMATION_FORMAT = dwarf;
				ENABLE_STRICT_OBJC_MSGSEND = YES;
				ENABLE_TESTABILITY = YES;
				GCC_C_LANGUAGE_STANDARD = gnu99;
				GCC_DYNAMIC_NO_PIC = NO;
				GCC_NO_COMMON_BLOCKS = YES;
				GCC_OPTIMIZATION_LEVEL = 0;
				GCC_PREPROCESSOR_DEFINITIONS = (
					"DEBUG=1",
					"$(inherited)",
				);
				GCC_WARN_64_TO_32_BIT_CONVERSION = YES;
				GCC_WARN_ABOUT_RETURN_TYPE = YES_ERROR;
				GCC_WARN_UNDECLARED_SELECTOR = YES;
				GCC_WARN_UNINITIALIZED_AUTOS = YES_AGGRESSIVE;
				GCC_WARN_UNUSED_FUNCTION = YES;
				GCC_WARN_UNUSED_VARIABLE = YES;
				IPHONEOS_DEPLOYMENT_TARGET = 9.3;
				MTL_ENABLE_DEBUG_INFO = YES;
				ONLY_ACTIVE_ARCH = YES;
				SDKROOT = iphoneos;
				TARGETED_DEVICE_FAMILY = "1,2";
			};
			name = Debug;
		};
		D706E7BD1D06B75B009AFF06 /* Release */ = {
			isa = XCBuildConfiguration;
			buildSettings = {
				ALWAYS_SEARCH_USER_PATHS = NO;
				CLANG_ANALYZER_NONNULL = YES;
				CLANG_CXX_LANGUAGE_STANDARD = "gnu++0x";
				CLANG_CXX_LIBRARY = "libc++";
				CLANG_ENABLE_MODULES = YES;
				CLANG_ENABLE_OBJC_ARC = YES;
				CLANG_WARN_BOOL_CONVERSION = YES;
				CLANG_WARN_CONSTANT_CONVERSION = YES;
				CLANG_WARN_DIRECT_OBJC_ISA_USAGE = YES_ERROR;
				CLANG_WARN_EMPTY_BODY = YES;
				CLANG_WARN_ENUM_CONVERSION = YES;
				CLANG_WARN_INT_CONVERSION = YES;
				CLANG_WARN_OBJC_ROOT_CLASS = YES_ERROR;
				CLANG_WARN_UNREACHABLE_CODE = YES;
				CLANG_WARN__DUPLICATE_METHOD_MATCH = YES;
				"CODE_SIGN_IDENTITY[sdk=iphoneos*]" = "iPhone Developer";
				COPY_PHASE_STRIP = NO;
				DEBUG_INFORMATION_FORMAT = "dwarf-with-dsym";
				ENABLE_NS_ASSERTIONS = NO;
				ENABLE_STRICT_OBJC_MSGSEND = YES;
				GCC_C_LANGUAGE_STANDARD = gnu99;
				GCC_NO_COMMON_BLOCKS = YES;
				GCC_WARN_64_TO_32_BIT_CONVERSION = YES;
				GCC_WARN_ABOUT_RETURN_TYPE = YES_ERROR;
				GCC_WARN_UNDECLARED_SELECTOR = YES;
				GCC_WARN_UNINITIALIZED_AUTOS = YES_AGGRESSIVE;
				GCC_WARN_UNUSED_FUNCTION = YES;
				GCC_WARN_UNUSED_VARIABLE = YES;
				IPHONEOS_DEPLOYMENT_TARGET = 9.3;
				MTL_ENABLE_DEBUG_INFO = NO;
				SDKROOT = iphoneos;
				TARGETED_DEVICE_FAMILY = "1,2";
				VALIDATE_PRODUCT = YES;
			};
			name = Release;
		};
		D706E7BF1D06B75B009AFF06 /* Debug */ = {
			isa = XCBuildConfiguration;
			buildSettings = {
				ASSETCATALOG_COMPILER_APPICON_NAME = AppIcon;
				INFOPLIST_FILE = UnitTestsDemo/Info.plist;
				LD_RUNPATH_SEARCH_PATHS = "$(inherited) @executable_path/Frameworks";
				PRODUCT_BUNDLE_IDENTIFIER = zfx5130.UnitTestsDemo;
				PRODUCT_NAME = "$(TARGET_NAME)";
			};
			name = Debug;
		};
		D706E7C01D06B75B009AFF06 /* Release */ = {
			isa = XCBuildConfiguration;
			buildSettings = {
				ASSETCATALOG_COMPILER_APPICON_NAME = AppIcon;
				INFOPLIST_FILE = UnitTestsDemo/Info.plist;
				LD_RUNPATH_SEARCH_PATHS = "$(inherited) @executable_path/Frameworks";
				PRODUCT_BUNDLE_IDENTIFIER = zfx5130.UnitTestsDemo;
				PRODUCT_NAME = "$(TARGET_NAME)";
			};
			name = Release;
		};
		D706E7C21D06B75B009AFF06 /* Debug */ = {
			isa = XCBuildConfiguration;
			buildSettings = {
				BUNDLE_LOADER = "$(TEST_HOST)";
				INFOPLIST_FILE = UnitTestsDemoTests/Info.plist;
				LD_RUNPATH_SEARCH_PATHS = "$(inherited) @executable_path/Frameworks @loader_path/Frameworks";
				PRODUCT_BUNDLE_IDENTIFIER = zfx5130.UnitTestsDemoTests;
				PRODUCT_NAME = "$(TARGET_NAME)";
				TEST_HOST = "$(BUILT_PRODUCTS_DIR)/UnitTestsDemo.app/UnitTestsDemo";
			};
			name = Debug;
		};
		D706E7C31D06B75B009AFF06 /* Release */ = {
			isa = XCBuildConfiguration;
			buildSettings = {
				BUNDLE_LOADER = "$(TEST_HOST)";
				INFOPLIST_FILE = UnitTestsDemoTests/Info.plist;
				LD_RUNPATH_SEARCH_PATHS = "$(inherited) @executable_path/Frameworks @loader_path/Frameworks";
				PRODUCT_BUNDLE_IDENTIFIER = zfx5130.UnitTestsDemoTests;
				PRODUCT_NAME = "$(TARGET_NAME)";
				TEST_HOST = "$(BUILT_PRODUCTS_DIR)/UnitTestsDemo.app/UnitTestsDemo";
			};
			name = Release;
		};
		D706E7C51D06B75B009AFF06 /* Debug */ = {
			isa = XCBuildConfiguration;
			buildSettings = {
				INFOPLIST_FILE = UnitTestsDemoUITests/Info.plist;
				LD_RUNPATH_SEARCH_PATHS = "$(inherited) @executable_path/Frameworks @loader_path/Frameworks";
				PRODUCT_BUNDLE_IDENTIFIER = zfx5130.UnitTestsDemoUITests;
				PRODUCT_NAME = "$(TARGET_NAME)";
				TEST_TARGET_NAME = UnitTestsDemo;
			};
			name = Debug;
		};
		D706E7C61D06B75B009AFF06 /* Release */ = {
			isa = XCBuildConfiguration;
			buildSettings = {
				INFOPLIST_FILE = UnitTestsDemoUITests/Info.plist;
				LD_RUNPATH_SEARCH_PATHS = "$(inherited) @executable_path/Frameworks @loader_path/Frameworks";
				PRODUCT_BUNDLE_IDENTIFIER = zfx5130.UnitTestsDemoUITests;
				PRODUCT_NAME = "$(TARGET_NAME)";
				TEST_TARGET_NAME = UnitTestsDemo;
			};
			name = Release;
		};
/* End XCBuildConfiguration section */

/* Begin XCConfigurationList section */
		D706E78C1D06B75B009AFF06 /* Build configuration list for PBXProject "UnitTestsDemo" */ = {
			isa = XCConfigurationList;
			buildConfigurations = (
				D706E7BC1D06B75B009AFF06 /* Debug */,
				D706E7BD1D06B75B009AFF06 /* Release */,
			);
			defaultConfigurationIsVisible = 0;
			defaultConfigurationName = Release;
		};
		D706E7BE1D06B75B009AFF06 /* Build configuration list for PBXNativeTarget "UnitTestsDemo" */ = {
			isa = XCConfigurationList;
			buildConfigurations = (
				D706E7BF1D06B75B009AFF06 /* Debug */,
				D706E7C01D06B75B009AFF06 /* Release */,
			);
			defaultConfigurationIsVisible = 0;
			defaultConfigurationName = Release;
		};
		D706E7C11D06B75B009AFF06 /* Build configuration list for PBXNativeTarget "UnitTestsDemoTests" */ = {
			isa = XCConfigurationList;
			buildConfigurations = (
				D706E7C21D06B75B009AFF06 /* Debug */,
				D706E7C31D06B75B009AFF06 /* Release */,
			);
			defaultConfigurationIsVisible = 0;
			defaultConfigurationName = Release;
		};
		D706E7C41D06B75B009AFF06 /* Build configuration list for PBXNativeTarget "UnitTestsDemoUITests" */ = {
			isa = XCConfigurationList;
			buildConfigurations = (
				D706E7C51D06B75B009AFF06 /* Debug */,
				D706E7C61D06B75B009AFF06 /* Release */,
			);
			defaultConfigurationIsVisible = 0;
			defaultConfigurationName = Release;
		};
/* End XCConfigurationList section */
	};
	rootObject = D706E7891D06B75B009AFF06 /* Project object */;
}
